# Code generated by scarb DO NOT EDIT.
version = 1

[[package]]
name = "alexandria_data_structures"
version = "0.2.0"
source = "git+https://github.com/keep-starknet-strange/alexandria.git#ecc881e2aee668332441bdfa32336e3404cf8eb1"
dependencies = [
 "alexandria_encoding",
]

[[package]]
name = "alexandria_encoding"
version = "0.1.0"
source = "git+https://github.com/keep-starknet-strange/alexandria.git#ecc881e2aee668332441bdfa32336e3404cf8eb1"
dependencies = [
 "alexandria_math",
 "alexandria_numeric",
]

[[package]]
name = "alexandria_math"
version = "0.2.0"
source = "git+https://github.com/keep-starknet-strange/alexandria.git#ecc881e2aee668332441bdfa32336e3404cf8eb1"
dependencies = [
 "alexandria_data_structures",
]

[[package]]
name = "alexandria_numeric"
version = "0.1.0"
source = "git+https://github.com/keep-starknet-strange/alexandria.git#ecc881e2aee668332441bdfa32336e3404cf8eb1"
dependencies = [
 "alexandria_math",
]

[[package]]
name = "cairo_verifier"
version = "0.1.0"
source = "git+https://github.com/herodotusdev/integrity#af5cf7913ec5f2d0809e11eed55840c2b78fd18e"

[[package]]
name = "dojo"
version = "0.7.3"
source = "git+https://github.com/dojoengine/dojo?tag=v0.7.4#e8cf2361bf5bcdd58642ea9b6e33c983cf5b20ac"
dependencies = [
 "dojo_plugin",
]

[[package]]
name = "dojo_plugin"
version = "0.4.1"
source = "git+https://github.com/dojoengine/dojo?tag=v0.7.2#3da5cad9fdd39b81551e0668015d88262e6c5fc4"

[[package]]
name = "game"
version = "0.0.1"
dependencies = [
 "alexandria_math",
 "cairo_verifier",
 "dojo",
]
